
Microsoft Visual Studio Solution File, Format Version 12.00
# Visual Studio Version 17
VisualStudioVersion = 17.12.35527.113
MinimumVisualStudioVersion = 10.0.40219.1
Project("{FAE04EC0-301F-11D3-BF4B-00C04F79EFBC}") = "NewAPIShop", "NewAPIShop\NewAPIShop.csproj", "{832C8025-82C5-47FF-8DEE-4ACEE761A853}"
EndProject
Project("{E53339B2-1760-4266-BCC7-CA923CBCF16C}") = "docker-compose", "docker-compose.dcproj", "{24906AFE-7FFB-40C7-9B95-5282C0EECF53}"
EndProject
Global
	GlobalSection(SolutionConfigurationPlatforms) = preSolution
		Debug|Any CPU = Debug|Any CPU
		Release|Any CPU = Release|Any CPU
	EndGlobalSection
	GlobalSection(ProjectConfigurationPlatforms) = postSolution
		{832C8025-82C5-47FF-8DEE-4ACEE761A853}.Debug|Any CPU.ActiveCfg = Debug|Any CPU
		{832C8025-82C5-47FF-8DEE-4ACEE761A853}.Debug|Any CPU.Build.0 = Debug|Any CPU
		{832C8025-82C5-47FF-8DEE-4ACEE761A853}.Release|Any CPU.ActiveCfg = Release|Any CPU
		{832C8025-82C5-47FF-8DEE-4ACEE761A853}.Release|Any CPU.Build.0 = Release|Any CPU
		{24906AFE-7FFB-40C7-9B95-5282C0EECF53}.Debug|Any CPU.ActiveCfg = Debug|Any CPU
		{24906AFE-7FFB-40C7-9B95-5282C0EECF53}.Debug|Any CPU.Build.0 = Debug|Any CPU
		{24906AFE-7FFB-40C7-9B95-5282C0EECF53}.Release|Any CPU.ActiveCfg = Release|Any CPU
		{24906AFE-7FFB-40C7-9B95-5282C0EECF53}.Release|Any CPU.Build.0 = Release|Any CPU
	EndGlobalSection
	GlobalSection(SolutionProperties) = preSolution
		HideSolutionNode = FALSE
	EndGlobalSection
EndGlobal
